// !$*UTF8*$!
{
	archiveVersion = 1;
	classes = {
	};
	objectVersion = 50;
	objects = {

/* Begin PBXBuildFile section */
		49CE0634249106C100846F51 /* AppDelegate.swift in Sources */ = {isa = PBXBuildFile; fileRef = 49CE0633249106C100846F51 /* AppDelegate.swift */; };
		49CE0636249106C100846F51 /* SceneDelegate.swift in Sources */ = {isa = PBXBuildFile; fileRef = 49CE0635249106C100846F51 /* SceneDelegate.swift */; };
		49CE0638249106C100846F51 /* ViewController.swift in Sources */ = {isa = PBXBuildFile; fileRef = 49CE0637249106C100846F51 /* ViewController.swift */; };
		49CE063B249106C100846F51 /* Main.storyboard in Resources */ = {isa = PBXBuildFile; fileRef = 49CE0639249106C100846F51 /* Main.storyboard */; };
		49CE063E249106C100846F51 /* ToDoList.xcdatamodeld in Sources */ = {isa = PBXBuildFile; fileRef = 49CE063C249106C100846F51 /* ToDoList.xcdatamodeld */; };
		49CE0640249106CC00846F51 /* Assets.xcassets in Resources */ = {isa = PBXBuildFile; fileRef = 49CE063F249106CC00846F51 /* Assets.xcassets */; };
		49CE0643249106CC00846F51 /* LaunchScreen.storyboard in Resources */ = {isa = PBXBuildFile; fileRef = 49CE0641249106CC00846F51 /* LaunchScreen.storyboard */; };
		49CE064E249106CD00846F51 /* ToDoListTests.swift in Sources */ = {isa = PBXBuildFile; fileRef = 49CE064D249106CD00846F51 /* ToDoListTests.swift */; };
		49CE0659249106CD00846F51 /* ToDoListUITests.swift in Sources */ = {isa = PBXBuildFile; fileRef = 49CE0658249106CD00846F51 /* ToDoListUITests.swift */; };
/* End PBXBuildFile section */

/* Begin PBXContainerItemProxy section */
		49CE064A249106CD00846F51 /* PBXContainerItemProxy */ = {
			isa = PBXContainerItemProxy;
			containerPortal = 49CE0628249106C100846F51 /* Project object */;
			proxyType = 1;
			remoteGlobalIDString = 49CE062F249106C100846F51;
			remoteInfo = ToDoList;
		};
		49CE0655249106CD00846F51 /* PBXContainerItemProxy */ = {
			isa = PBXContainerItemProxy;
			containerPortal = 49CE0628249106C100846F51 /* Project object */;
			proxyType = 1;
			remoteGlobalIDString = 49CE062F249106C100846F51;
			remoteInfo = ToDoList;
		};
/* End PBXContainerItemProxy section */

/* Begin PBXFileReference section */
		49CE0630249106C100846F51 /* ToDoList.app */ = {isa = PBXFileReference; explicitFileType = wrapper.application; includeInIndex = 0; path = ToDoList.app; sourceTree = BUILT_PRODUCTS_DIR; };
		49CE0633249106C100846F51 /* AppDelegate.swift */ = {isa = PBXFileReference; lastKnownFileType = sourcecode.swift; path = AppDelegate.swift; sourceTree = "<group>"; };
		49CE0635249106C100846F51 /* SceneDelegate.swift */ = {isa = PBXFileReference; lastKnownFileType = sourcecode.swift; path = SceneDelegate.swift; sourceTree = "<group>"; };
		49CE0637249106C100846F51 /* ViewController.swift */ = {isa = PBXFileReference; lastKnownFileType = sourcecode.swift; path = ViewController.swift; sourceTree = "<group>"; };
		49CE063A249106C100846F51 /* Base */ = {isa = PBXFileReference; lastKnownFileType = file.storyboard; name = Base; path = Base.lproj/Main.storyboard; sourceTree = "<group>"; };
		49CE063D249106C100846F51 /* ToDoList.xcdatamodel */ = {isa = PBXFileReference; lastKnownFileType = wrapper.xcdatamodel; path = ToDoList.xcdatamodel; sourceTree = "<group>"; };
		49CE063F249106CC00846F51 /* Assets.xcassets */ = {isa = PBXFileReference; lastKnownFileType = folder.assetcatalog; path = Assets.xcassets; sourceTree = "<group>"; };
		49CE0642249106CC00846F51 /* Base */ = {isa = PBXFileReference; lastKnownFileType = file.storyboard; name = Base; path = Base.lproj/LaunchScreen.storyboard; sourceTree = "<group>"; };
		49CE0644249106CC00846F51 /* Info.plist */ = {isa = PBXFileReference; lastKnownFileType = text.plist.xml; path = Info.plist; sourceTree = "<group>"; };
		49CE0649249106CD00846F51 /* ToDoListTests.xctest */ = {isa = PBXFileReference; explicitFileType = wrapper.cfbundle; includeInIndex = 0; path = ToDoListTests.xctest; sourceTree = BUILT_PRODUCTS_DIR; };
		49CE064D249106CD00846F51 /* ToDoListTests.swift */ = {isa = PBXFileReference; lastKnownFileType = sourcecode.swift; path = ToDoListTests.swift; sourceTree = "<group>"; };
		49CE064F249106CD00846F51 /* Info.plist */ = {isa = PBXFileReference; lastKnownFileType = text.plist.xml; path = Info.plist; sourceTree = "<group>"; };
		49CE0654249106CD00846F51 /* ToDoListUITests.xctest */ = {isa = PBXFileReference; explicitFileType = wrapper.cfbundle; includeInIndex = 0; path = ToDoListUITests.xctest; sourceTree = BUILT_PRODUCTS_DIR; };
		49CE0658249106CD00846F51 /* ToDoListUITests.swift */ = {isa = PBXFileReference; lastKnownFileType = sourcecode.swift; path = ToDoListUITests.swift; sourceTree = "<group>"; };
		49CE065A249106CD00846F51 /* Info.plist */ = {isa = PBXFileReference; lastKnownFileType = text.plist.xml; path = Info.plist; sourceTree = "<group>"; };
/* End PBXFileReference section */

/* Begin PBXFrameworksBuildPhase section */
		49CE062D249106C100846F51 /* Frameworks */ = {
			isa = PBXFrameworksBuildPhase;
			buildActionMask = 2147483647;
			files = (
			);
			runOnlyForDeploymentPostprocessing = 0;
		};
		49CE0646249106CD00846F51 /* Frameworks */ = {
			isa = PBXFrameworksBuildPhase;
			buildActionMask = 2147483647;
			files = (
			);
			runOnlyForDeploymentPostprocessing = 0;
		};
		49CE0651249106CD00846F51 /* Frameworks */ = {
			isa = PBXFrameworksBuildPhase;
			buildActionMask = 2147483647;
			files = (
			);
			runOnlyForDeploymentPostprocessing = 0;
		};
/* End PBXFrameworksBuildPhase section */

/* Begin PBXGroup section */
		49CE0627249106C100846F51 = {
			isa = PBXGroup;
			children = (
				49CE0632249106C100846F51 /* ToDoList */,
				49CE064C249106CD00846F51 /* ToDoListTests */,
				49CE0657249106CD00846F51 /* ToDoListUITests */,
				49CE0631249106C100846F51 /* Products */,
			);
			sourceTree = "<group>";
		};
		49CE0631249106C100846F51 /* Products */ = {
			isa = PBXGroup;
			children = (
				49CE0630249106C100846F51 /* ToDoList.app */,
				49CE0649249106CD00846F51 /* ToDoListTests.xctest */,
				49CE0654249106CD00846F51 /* ToDoListUITests.xctest */,
			);
			name = Products;
			sourceTree = "<group>";
		};
		49CE0632249106C100846F51 /* ToDoList */ = {
			isa = PBXGroup;
			children = (
				49CE0633249106C100846F51 /* AppDelegate.swift */,
				49CE0635249106C100846F51 /* SceneDelegate.swift */,
				49CE0637249106C100846F51 /* ViewController.swift */,
				49CE0639249106C100846F51 /* Main.storyboard */,
				49CE063F249106CC00846F51 /* Assets.xcassets */,
				49CE0641249106CC00846F51 /* LaunchScreen.storyboard */,
				49CE0644249106CC00846F51 /* Info.plist */,
				49CE063C249106C100846F51 /* ToDoList.xcdatamodeld */,
			);
			path = ToDoList;
			sourceTree = "<group>";
		};
		49CE064C249106CD00846F51 /* ToDoListTests */ = {
			isa = PBXGroup;
			children = (
				49CE064D249106CD00846F51 /* ToDoListTests.swift */,
				49CE064F249106CD00846F51 /* Info.plist */,
			);
			path = ToDoListTests;
			sourceTree = "<group>";
		};
		49CE0657249106CD00846F51 /* ToDoListUITests */ = {
			isa = PBXGroup;
			children = (
				49CE0658249106CD00846F51 /* ToDoListUITests.swift */,
				49CE065A249106CD00846F51 /* Info.plist */,
			);
			path = ToDoListUITests;
			sourceTree = "<group>";
		};
/* End PBXGroup section */

/* Begin PBXNativeTarget section */
		49CE062F249106C100846F51 /* ToDoList */ = {
			isa = PBXNativeTarget;
			buildConfigurationList = 49CE065D249106CD00846F51 /* Build configuration list for PBXNativeTarget "ToDoList" */;
			buildPhases = (
				49CE062C249106C100846F51 /* Sources */,
				49CE062D249106C100846F51 /* Frameworks */,
				49CE062E249106C100846F51 /* Resources */,
			);
			buildRules = (
			);
			dependencies = (
			);
			name = ToDoList;
			productName = ToDoList;
			productReference = 49CE0630249106C100846F51 /* ToDoList.app */;
			productType = "com.apple.product-type.application";
		};
		49CE0648249106CD00846F51 /* ToDoListTests */ = {
			isa = PBXNativeTarget;
			buildConfigurationList = 49CE0660249106CD00846F51 /* Build configuration list for PBXNativeTarget "ToDoListTests" */;
			buildPhases = (
				49CE0645249106CD00846F51 /* Sources */,
				49CE0646249106CD00846F51 /* Frameworks */,
				49CE0647249106CD00846F51 /* Resources */,
			);
			buildRules = (
			);
			dependencies = (
				49CE064B249106CD00846F51 /* PBXTargetDependency */,
			);
			name = ToDoListTests;
			productName = ToDoListTests;
			productReference = 49CE0649249106CD00846F51 /* ToDoListTests.xctest */;
			productType = "com.apple.product-type.bundle.unit-test";
		};
		49CE0653249106CD00846F51 /* ToDoListUITests */ = {
			isa = PBXNativeTarget;
			buildConfigurationList = 49CE0663249106CD00846F51 /* Build configuration list for PBXNativeTarget "ToDoListUITests" */;
			buildPhases = (
				49CE0650249106CD00846F51 /* Sources */,
				49CE0651249106CD00846F51 /* Frameworks */,
				49CE0652249106CD00846F51 /* Resources */,
			);
			buildRules = (
			);
			dependencies = (
				49CE0656249106CD00846F51 /* PBXTargetDependency */,
			);
			name = ToDoListUITests;
			productName = ToDoListUITests;
			productReference = 49CE0654249106CD00846F51 /* ToDoListUITests.xctest */;
			productType = "com.apple.product-type.bundle.ui-testing";
		};
/* End PBXNativeTarget section */

/* Begin PBXProject section */
		49CE0628249106C100846F51 /* Project object */ = {
			isa = PBXProject;
			attributes = {
				LastSwiftUpdateCheck = 1150;
				LastUpgradeCheck = 1150;
				ORGANIZATIONNAME = "Tanvi Shanbhag";
				TargetAttributes = {
					49CE062F249106C100846F51 = {
						CreatedOnToolsVersion = 11.5;
					};
					49CE0648249106CD00846F51 = {
						CreatedOnToolsVersion = 11.5;
						TestTargetID = 49CE062F249106C100846F51;
					};
					49CE0653249106CD00846F51 = {
						CreatedOnToolsVersion = 11.5;
						TestTargetID = 49CE062F249106C100846F51;
					};
				};
			};
			buildConfigurationList = 49CE062B249106C100846F51 /* Build configuration list for PBXProject "ToDoList" */;
			compatibilityVersion = "Xcode 9.3";
			developmentRegion = en;
			hasScannedForEncodings = 0;
			knownRegions = (
				en,
				Base,
			);
			mainGroup = 49CE0627249106C100846F51;
			productRefGroup = 49CE0631249106C100846F51 /* Products */;
			projectDirPath = "";
			projectRoot = "";
			targets = (
				49CE062F249106C100846F51 /* ToDoList */,
				49CE0648249106CD00846F51 /* ToDoListTests */,
				49CE0653249106CD00846F51 /* ToDoListUITests */,
			);
		};
/* End PBXProject section */

/* Begin PBXResourcesBuildPhase section */
		49CE062E249106C100846F51 /* Resources */ = {
			isa = PBXResourcesBuildPhase;
			buildActionMask = 2147483647;
			files = (
				49CE0643249106CC00846F51 /* LaunchScreen.storyboard in Resources */,
				49CE0640249106CC00846F51 /* Assets.xcassets in Resources */,
				49CE063B249106C100846F51 /* Main.storyboard in Resources */,
			);
			runOnlyForDeploymentPostprocessing = 0;
		};
		49CE0647249106CD00846F51 /* Resources */ = {
			isa = PBXResourcesBuildPhase;
			buildActionMask = 2147483647;
			files = (
			);
			runOnlyForDeploymentPostprocessing = 0;
		};
		49CE0652249106CD00846F51 /* Resources */ = {
			isa = PBXResourcesBuildPhase;
			buildActionMask = 2147483647;
			files = (
			);
			runOnlyForDeploymentPostprocessing = 0;
		};
/* End PBXResourcesBuildPhase section */

/* Begin PBXSourcesBuildPhase section */
		49CE062C249106C100846F51 /* Sources */ = {
			isa = PBXSourcesBuildPhase;
			buildActionMask = 2147483647;
			files = (
				49CE0638249106C100846F51 /* ViewController.swift in Sources */,
				49CE0634249106C100846F51 /* AppDelegate.swift in Sources */,
				49CE0636249106C100846F51 /* SceneDelegate.swift in Sources */,
				49CE063E249106C100846F51 /* ToDoList.xcdatamodeld in Sources */,
			);
			runOnlyForDeploymentPostprocessing = 0;
		};
		49CE0645249106CD00846F51 /* Sources */ = {
			isa = PBXSourcesBuildPhase;
			buildActionMask = 2147483647;
			files = (
				49CE064E249106CD00846F51 /* ToDoListTests.swift in Sources */,
			);
			runOnlyForDeploymentPostprocessing = 0;
		};
		49CE0650249106CD00846F51 /* Sources */ = {
			isa = PBXSourcesBuildPhase;
			buildActionMask = 2147483647;
			files = (
				49CE0659249106CD00846F51 /* ToDoListUITests.swift in Sources */,
			);
			runOnlyForDeploymentPostprocessing = 0;
		};
/* End PBXSourcesBuildPhase section */

/* Begin PBXTargetDependency section */
		49CE064B249106CD00846F51 /* PBXTargetDependency */ = {
			isa = PBXTargetDependency;
			target = 49CE062F249106C100846F51 /* ToDoList */;
			targetProxy = 49CE064A249106CD00846F51 /* PBXContainerItemProxy */;
		};
		49CE0656249106CD00846F51 /* PBXTargetDependency */ = {
			isa = PBXTargetDependency;
			target = 49CE062F249106C100846F51 /* ToDoList */;
			targetProxy = 49CE0655249106CD00846F51 /* PBXContainerItemProxy */;
		};
/* End PBXTargetDependency section */

/* Begin PBXVariantGroup section */
		49CE0639249106C100846F51 /* Main.storyboard */ = {
			isa = PBXVariantGroup;
			children = (
				49CE063A249106C100846F51 /* Base */,
			);
			name = Main.storyboard;
			sourceTree = "<group>";
		};
		49CE0641249106CC00846F51 /* LaunchScreen.storyboard */ = {
			isa = PBXVariantGroup;
			children = (
				49CE0642249106CC00846F51 /* Base */,
			);
			name = LaunchScreen.storyboard;
			sourceTree = "<group>";
		};
/* End PBXVariantGroup section */

/* Begin XCBuildConfiguration section */
		49CE065B249106CD00846F51 /* Debug */ = {
			isa = XCBuildConfiguration;
			buildSettings = {
				ALWAYS_SEARCH_USER_PATHS = NO;
				CLANG_ANALYZER_NONNULL = YES;
				CLANG_ANALYZER_NUMBER_OBJECT_CONVERSION = YES_AGGRESSIVE;
				CLANG_CXX_LANGUAGE_STANDARD = "gnu++14";
				CLANG_CXX_LIBRARY = "libc++";
				CLANG_ENABLE_MODULES = YES;
				CLANG_ENABLE_OBJC_ARC = YES;
				CLANG_ENABLE_OBJC_WEAK = YES;
				CLANG_WARN_BLOCK_CAPTURE_AUTORELEASING = YES;
				CLANG_WARN_BOOL_CONVERSION = YES;
				CLANG_WARN_COMMA = YES;
				CLANG_WARN_CONSTANT_CONVERSION = YES;
				CLANG_WARN_DEPRECATED_OBJC_IMPLEMENTATIONS = YES;
				CLANG_WARN_DIRECT_OBJC_ISA_USAGE = YES_ERROR;
				CLANG_WARN_DOCUMENTATION_COMMENTS = YES;
				CLANG_WARN_EMPTY_BODY = YES;
				CLANG_WARN_ENUM_CONVERSION = YES;
				CLANG_WARN_INFINITE_RECURSION = YES;
				CLANG_WARN_INT_CONVERSION = YES;
				CLANG_WARN_NON_LITERAL_NULL_CONVERSION = YES;
				CLANG_WARN_OBJC_IMPLICIT_RETAIN_SELF = YES;
				CLANG_WARN_OBJC_LITERAL_CONVERSION = YES;
				CLANG_WARN_OBJC_ROOT_CLASS = YES_ERROR;
				CLANG_WARN_RANGE_LOOP_ANALYSIS = YES;
				CLANG_WARN_STRICT_PROTOTYPES = YES;
				CLANG_WARN_SUSPICIOUS_MOVE = YES;
				CLANG_WARN_UNGUARDED_AVAILABILITY = YES_AGGRESSIVE;
				CLANG_WARN_UNREACHABLE_CODE = YES;
				CLANG_WARN__DUPLICATE_METHOD_MATCH = YES;
				COPY_PHASE_STRIP = NO;
				DEBUG_INFORMATION_FORMAT = dwarf;
				ENABLE_STRICT_OBJC_MSGSEND = YES;
				ENABLE_TESTABILITY = YES;
				GCC_C_LANGUAGE_STANDARD = gnu11;
				GCC_DYNAMIC_NO_PIC = NO;
				GCC_NO_COMMON_BLOCKS = YES;
				GCC_OPTIMIZATION_LEVEL = 0;
				GCC_PREPROCESSOR_DEFINITIONS = (
					"DEBUG=1",
					"$(inherited)",
				);
				GCC_WARN_64_TO_32_BIT_CONVERSION = YES;
				GCC_WARN_ABOUT_RETURN_TYPE = YES_ERROR;
				GCC_WARN_UNDECLARED_SELECTOR = YES;
				GCC_WARN_UNINITIALIZED_AUTOS = YES_AGGRESSIVE;
				GCC_WARN_UNUSED_FUNCTION = YES;
				GCC_WARN_UNUSED_VARIABLE = YES;
				IPHONEOS_DEPLOYMENT_TARGET = 13.5;
				MTL_ENABLE_DEBUG_INFO = INCLUDE_SOURCE;
				MTL_FAST_MATH = YES;
				ONLY_ACTIVE_ARCH = YES;
				SDKROOT = iphoneos;
				SWIFT_ACTIVE_COMPILATION_CONDITIONS = DEBUG;
				SWIFT_OPTIMIZATION_LEVEL = "-Onone";
			};
			name = Debug;
		};
		49CE065C249106CD00846F51 /* Release */ = {
			isa = XCBuildConfiguration;
			buildSettings = {
				ALWAYS_SEARCH_USER_PATHS = NO;
				CLANG_ANALYZER_NONNULL = YES;
				CLANG_ANALYZER_NUMBER_OBJECT_CONVERSION = YES_AGGRESSIVE;
				CLANG_CXX_LANGUAGE_STANDARD = "gnu++14";
				CLANG_CXX_LIBRARY = "libc++";
				CLANG_ENABLE_MODULES = YES;
				CLANG_ENABLE_OBJC_ARC = YES;
				CLANG_ENABLE_OBJC_WEAK = YES;
				CLANG_WARN_BLOCK_CAPTURE_AUTORELEASING = YES;
				CLANG_WARN_BOOL_CONVERSION = YES;
				CLANG_WARN_COMMA = YES;
				CLANG_WARN_CONSTANT_CONVERSION = YES;
				CLANG_WARN_DEPRECATED_OBJC_IMPLEMENTATIONS = YES;
				CLANG_WARN_DIRECT_OBJC_ISA_USAGE = YES_ERROR;
				CLANG_WARN_DOCUMENTATION_COMMENTS = YES;
				CLANG_WARN_EMPTY_BODY = YES;
				CLANG_WARN_ENUM_CONVERSION = YES;
				CLANG_WARN_INFINITE_RECURSION = YES;
				CLANG_WARN_INT_CONVERSION = YES;
				CLANG_WARN_NON_LITERAL_NULL_CONVERSION = YES;
				CLANG_WARN_OBJC_IMPLICIT_RETAIN_SELF = YES;
				CLANG_WARN_OBJC_LITERAL_CONVERSION = YES;
				CLANG_WARN_OBJC_ROOT_CLASS = YES_ERROR;
				CLANG_WARN_RANGE_LOOP_ANALYSIS = YES;
				CLANG_WARN_STRICT_PROTOTYPES = YES;
				CLANG_WARN_SUSPICIOUS_MOVE = YES;
				CLANG_WARN_UNGUARDED_AVAILABILITY = YES_AGGRESSIVE;
				CLANG_WARN_UNREACHABLE_CODE = YES;
				CLANG_WARN__DUPLICATE_METHOD_MATCH = YES;
				COPY_PHASE_STRIP = NO;
				DEBUG_INFORMATION_FORMAT = "dwarf-with-dsym";
				ENABLE_NS_ASSERTIONS = NO;
				ENABLE_STRICT_OBJC_MSGSEND = YES;
				GCC_C_LANGUAGE_STANDARD = gnu11;
				GCC_NO_COMMON_BLOCKS = YES;
				GCC_WARN_64_TO_32_BIT_CONVERSION = YES;
				GCC_WARN_ABOUT_RETURN_TYPE = YES_ERROR;
				GCC_WARN_UNDECLARED_SELECTOR = YES;
				GCC_WARN_UNINITIALIZED_AUTOS = YES_AGGRESSIVE;
				GCC_WARN_UNUSED_FUNCTION = YES;
				GCC_WARN_UNUSED_VARIABLE = YES;
				IPHONEOS_DEPLOYMENT_TARGET = 13.5;
				MTL_ENABLE_DEBUG_INFO = NO;
				MTL_FAST_MATH = YES;
				SDKROOT = iphoneos;
				SWIFT_COMPILATION_MODE = wholemodule;
				SWIFT_OPTIMIZATION_LEVEL = "-O";
				VALIDATE_PRODUCT = YES;
			};
			name = Release;
		};
		49CE065E249106CD00846F51 /* Debug */ = {
			isa = XCBuildConfiguration;
			buildSettings = {
				ASSETCATALOG_COMPILER_APPICON_NAME = AppIcon;
				CODE_SIGN_STYLE = Automatic;
				INFOPLIST_FILE = ToDoList/Info.plist;
				LD_RUNPATH_SEARCH_PATHS = (
					"$(inherited)",
					"@executable_path/Frameworks",
				);
				PRODUCT_BUNDLE_IDENTIFIER = "-.ToDoList";
				PRODUCT_NAME = "$(TARGET_NAME)";
				SWIFT_VERSION = 5.0;
				TARGETED_DEVICE_FAMILY = "1,2";
			};
			name = Debug;
		};
		49CE065F249106CD00846F51 /* Release */ = {
			isa = XCBuildConfiguration;
			buildSettings = {
				ASSETCATALOG_COMPILER_APPICON_NAME = AppIcon;
				CODE_SIGN_STYLE = Automatic;
				INFOPLIST_FILE = ToDoList/Info.plist;
				LD_RUNPATH_SEARCH_PATHS = (
					"$(inherited)",
					"@executable_path/Frameworks",
				);
				PRODUCT_BUNDLE_IDENTIFIER = "-.ToDoList";
				PRODUCT_NAME = "$(TARGET_NAME)";
				SWIFT_VERSION = 5.0;
				TARGETED_DEVICE_FAMILY = "1,2";
			};
			name = Release;
		};
		49CE0661249106CD00846F51 /* Debug */ = {
			isa = XCBuildConfiguration;
			buildSettings = {
				ALWAYS_EMBED_SWIFT_STANDARD_LIBRARIES = YES;
				BUNDLE_LOADER = "$(TEST_HOST)";
				CODE_SIGN_STYLE = Automatic;
				INFOPLIST_FILE = ToDoListTests/Info.plist;
				IPHONEOS_DEPLOYMENT_TARGET = 13.5;
				LD_RUNPATH_SEARCH_PATHS = (
					"$(inherited)",
					"@executable_path/Frameworks",
					"@loader_path/Frameworks",
				);
				PRODUCT_BUNDLE_IDENTIFIER = "-.ToDoListTests";
				PRODUCT_NAME = "$(TARGET_NAME)";
				SWIFT_VERSION = 5.0;
				TARGETED_DEVICE_FAMILY = "1,2";
				TEST_HOST = "$(BUILT_PRODUCTS_DIR)/ToDoList.app/ToDoList";
			};
			name = Debug;
		};
		49CE0662249106CD00846F51 /* Release */ = {
			isa = XCBuildConfiguration;
			buildSettings = {
				ALWAYS_EMBED_SWIFT_STANDARD_LIBRARIES = YES;
				BUNDLE_LOADER = "$(TEST_HOST)";
				CODE_SIGN_STYLE = Automatic;
				INFOPLIST_FILE = ToDoListTests/Info.plist;
				IPHONEOS_DEPLOYMENT_TARGET = 13.5;
				LD_RUNPATH_SEARCH_PATHS = (
					"$(inherited)",
					"@executable_path/Frameworks",
					"@loader_path/Frameworks",
				);
				PRODUCT_BUNDLE_IDENTIFIER = "-.ToDoListTests";
				PRODUCT_NAME = "$(TARGET_NAME)";
				SWIFT_VERSION = 5.0;
				TARGETED_DEVICE_FAMILY = "1,2";
				TEST_HOST = "$(BUILT_PRODUCTS_DIR)/ToDoList.app/ToDoList";
			};
			name = Release;
		};
		49CE0664249106CD00846F51 /* Debug */ = {
			isa = XCBuildConfiguration;
			buildSettings = {
				ALWAYS_EMBED_SWIFT_STANDARD_LIBRARIES = YES;
				CODE_SIGN_STYLE = Automatic;
				INFOPLIST_FILE = ToDoListUITests/Info.plist;
				LD_RUNPATH_SEARCH_PATHS = (
					"$(inherited)",
					"@executable_path/Frameworks",
					"@loader_path/Frameworks",
				);
				PRODUCT_BUNDLE_IDENTIFIER = "-.ToDoListUITests";
				PRODUCT_NAME = "$(TARGET_NAME)";
				SWIFT_VERSION = 5.0;
				TARGETED_DEVICE_FAMILY = "1,2";
				TEST_TARGET_NAME = ToDoList;
			};
			name = Debug;
		};
		49CE0665249106CD00846F51 /* Release */ = {
			isa = XCBuildConfiguration;
			buildSettings = {
				ALWAYS_EMBED_SWIFT_STANDARD_LIBRARIES = YES;
				CODE_SIGN_STYLE = Automatic;
				INFOPLIST_FILE = ToDoListUITests/Info.plist;
				LD_RUNPATH_SEARCH_PATHS = (
					"$(inherited)",
					"@executable_path/Frameworks",
					"@loader_path/Frameworks",
				);
				PRODUCT_BUNDLE_IDENTIFIER = "-.ToDoListUITests";
				PRODUCT_NAME = "$(TARGET_NAME)";
				SWIFT_VERSION = 5.0;
				TARGETED_DEVICE_FAMILY = "1,2";
				TEST_TARGET_NAME = ToDoList;
			};
			name = Release;
		};
/* End XCBuildConfiguration section */

/* Begin XCConfigurationList section */
		49CE062B249106C100846F51 /* Build configuration list for PBXProject "ToDoList" */ = {
			isa = XCConfigurationList;
			buildConfigurations = (
				49CE065B249106CD00846F51 /* Debug */,
				49CE065C249106CD00846F51 /* Release */,
			);
			defaultConfigurationIsVisible = 0;
			defaultConfigurationName = Release;
		};
		49CE065D249106CD00846F51 /* Build configuration list for PBXNativeTarget "ToDoList" */ = {
			isa = XCConfigurationList;
			buildConfigurations = (
				49CE065E249106CD00846F51 /* Debug */,
				49CE065F249106CD00846F51 /* Release */,
			);
			defaultConfigurationIsVisible = 0;
			defaultConfigurationName = Release;
		};
		49CE0660249106CD00846F51 /* Build configuration list for PBXNativeTarget "ToDoListTests" */ = {
			isa = XCConfigurationList;
			buildConfigurations = (
				49CE0661249106CD00846F51 /* Debug */,
				49CE0662249106CD00846F51 /* Release */,
			);
			defaultConfigurationIsVisible = 0;
			defaultConfigurationName = Release;
		};
		49CE0663249106CD00846F51 /* Build configuration list for PBXNativeTarget "ToDoListUITests" */ = {
			isa = XCConfigurationList;
			buildConfigurations = (
				49CE0664249106CD00846F51 /* Debug */,
				49CE0665249106CD00846F51 /* Release */,
			);
			defaultConfigurationIsVisible = 0;
			defaultConfigurationName = Release;
		};
/* End XCConfigurationList section */

/* Begin XCVersionGroup section */
		49CE063C249106C100846F51 /* ToDoList.xcdatamodeld */ = {
			isa = XCVersionGroup;
			children = (
				49CE063D249106C100846F51 /* ToDoList.xcdatamodel */,
			);
			currentVersion = 49CE063D249106C100846F51 /* ToDoList.xcdatamodel */;
			path = ToDoList.xcdatamodeld;
			sourceTree = "<group>";
			versionGroupType = wrapper.xcdatamodel;
		};
/* End XCVersionGroup section */
	};
	rootObject = 49CE0628249106C100846F51 /* Project object */;
}
